
Microsoft Visual Studio Solution File, Format Version 12.00
# Visual Studio 14
VisualStudioVersion = 14.0.25420.1
MinimumVisualStudioVersion = 10.0.40219.1
Project("{2150E333-8FDC-42A3-9474-1A3956D46DE8}") = "src", "src", "{D55057E7-0A52-4D20-BAFF-0A7E004AB4A4}"
EndProject
Project("{2150E333-8FDC-42A3-9474-1A3956D46DE8}") = "Solution Items", "Solution Items", "{525FB9BC-AFA2-4F03-AE2E-D7286F37BBEE}"
	ProjectSection(SolutionItems) = preProject
		global.json = global.json
	EndProjectSection
EndProject
Project("{8BB2217D-0F2D-49D1-97BC-3654ED321F3B}") = "EventAndDelegate", "src\EventAndDelegate\EventAndDelegate.xproj", "{31AE6726-045B-4363-BA96-EF226BF90FE1}"
EndProject
Global
	GlobalSection(SolutionConfigurationPlatforms) = preSolution
		Debug|Any CPU = Debug|Any CPU
		Release|Any CPU = Release|Any CPU
	EndGlobalSection
	GlobalSection(ProjectConfigurationPlatforms) = postSolution
		{31AE6726-045B-4363-BA96-EF226BF90FE1}.Debug|Any CPU.ActiveCfg = Debug|Any CPU
		{31AE6726-045B-4363-BA96-EF226BF90FE1}.Debug|Any CPU.Build.0 = Debug|Any CPU
		{31AE6726-045B-4363-BA96-EF226BF90FE1}.Release|Any CPU.ActiveCfg = Release|Any CPU
		{31AE6726-045B-4363-BA96-EF226BF90FE1}.Release|Any CPU.Build.0 = Release|Any CPU
	EndGlobalSection
	GlobalSection(SolutionProperties) = preSolution
		HideSolutionNode = FALSE
	EndGlobalSection
	GlobalSection(NestedProjects) = preSolution
		{31AE6726-045B-4363-BA96-EF226BF90FE1} = {D55057E7-0A52-4D20-BAFF-0A7E004AB4A4}
	EndGlobalSection
EndGlobal
